{
    "_readme": [
        "This file locks the dependencies of your project to a known state",
        "Read more about it at https://getcomposer.org/doc/01-basic-usage.md#installing-dependencies",
        "This file is @generated automatically"
    ],
    "content-hash": "5acbefa9a810bade1655cca4a7637c87",
    "packages": [
        {
            "name": "ably/ably-php",
            "version": "1.1.11",
            "source": {
                "type": "git",
                "url": "https://github.com/ably/ably-php.git",
                "reference": "ddd9355ab25f76e0db1672fb5dd943fa5d9713bc"
            },
            "dist": {
                "type": "zip",
                "url": "https://api.github.com/repos/ably/ably-php/zipball/ddd9355ab25f76e0db1672fb5dd943fa5d9713bc",
                "reference": "ddd9355ab25f76e0db1672fb5dd943fa5d9713bc",
                "shasum": ""
            },
            "require": {
                "ext-curl": "*",
                "ext-json": "*",
                "ext-openssl": "*",
                "php": "^7.2 || ^8.0",
                "rybakit/msgpack": ">=0.9.1"
            },
            "require-dev": {
                "phpunit/phpunit": "^8.5 || ^9.5"
            },
            "type": "library",
            "autoload": {
                "psr-4": {
                    "Ably\\": "src/"
                }
            },
            "notification-url": "https://packagist.org/downloads/",
            "license": [
                "Apache-2.0"
            ],
            "authors": [
                {
                    "name": "Ably",
                    "email": "support@ably.com"
                }
            ],
            "description": "Ably REST client library for PHP.",
            "homepage": "https://www.ably.com/",
            "keywords": [
                "ably",
                "messages",
                "messaging"
            ],
            "support": {
                "issues": "https://github.com/ably/ably-php/issues",
                "source": "https://github.com/ably/ably-php/tree/1.1.11"
            },
            "time": "2025-03-07T13:02:01+00:00"
        },
        {
            "name": "mongodb/mongodb",
            "version": "2.1.2",
            "source": {
                "type": "git",
                "url": "https://github.com/mongodb/mongo-php-library.git",
                "reference": "0a2472ba9cbb932f7e43a8770aedb2fc30612a67"
            },
            "dist": {
                "type": "zip",
                "url": "https://api.github.com/repos/mongodb/mongo-php-library/zipball/0a2472ba9cbb932f7e43a8770aedb2fc30612a67",
                "reference": "0a2472ba9cbb932f7e43a8770aedb2fc30612a67",
                "shasum": ""
            },
            "require": {
                "composer-runtime-api": "^2.0",
                "ext-mongodb": "^2.1",
                "php": "^8.1",
                "psr/log": "^1.1.4|^2|^3",
                "symfony/polyfill-php85": "^1.32"
            },
            "replace": {
                "mongodb/builder": "*"
            },
            "require-dev": {
                "doctrine/coding-standard": "^12.0",
                "phpunit/phpunit": "^10.5.35",
                "rector/rector": "^2.1.4",
                "squizlabs/php_codesniffer": "^3.7",
                "vimeo/psalm": "6.5.*"
            },
            "type": "library",
            "extra": {
                "branch-alias": {
                    "dev-master": "1.x-dev"
                }
            },
            "autoload": {
                "files": [
                    "src/functions.php"
                ],
                "psr-4": {
                    "MongoDB\\": "src/"
                }
            },
            "notification-url": "https://packagist.org/downloads/",
            "license": [
                "Apache-2.0"
            ],
            "authors": [
                {
                    "name": "Andreas Braun",
                    "email": "andreas.braun@mongodb.com"
                },
                {
                    "name": "Jeremy Mikola",
                    "email": "jmikola@gmail.com"
                },
                {
                    "name": "Jérôme Tamarelle",
                    "email": "jerome.tamarelle@mongodb.com"
                }
            ],
            "description": "MongoDB driver library",
            "homepage": "https://jira.mongodb.org/browse/PHPLIB",
            "keywords": [
                "database",
                "driver",
                "mongodb",
                "persistence"
            ],
            "support": {
                "issues": "https://github.com/mongodb/mongo-php-library/issues",
                "source": "https://github.com/mongodb/mongo-php-library/tree/2.1.2"
            },
            "time": "2025-10-06T12:12:40+00:00"
        },
        {
            "name": "psr/log",
            "version": "3.0.2",
            "source": {
                "type": "git",
                "url": "https://github.com/php-fig/log.git",
                "reference": "f16e1d5863e37f8d8c2a01719f5b34baa2b714d3"
            },
            "dist": {
                "type": "zip",
                "url": "https://api.github.com/repos/php-fig/log/zipball/f16e1d5863e37f8d8c2a01719f5b34baa2b714d3",
                "reference": "f16e1d5863e37f8d8c2a01719f5b34baa2b714d3",
                "shasum": ""
            },
            "require": {
                "php": ">=8.0.0"
            },
            "type": "library",
            "extra": {
                "branch-alias": {
                    "dev-master": "3.x-dev"
                }
            },
            "autoload": {
                "psr-4": {
                    "Psr\\Log\\": "src"
                }
            },
            "notification-url": "https://packagist.org/downloads/",
            "license": [
                "MIT"
            ],
            "authors": [
                {
                    "name": "PHP-FIG",
                    "homepage": "https://www.php-fig.org/"
                }
            ],
            "description": "Common interface for logging libraries",
            "homepage": "https://github.com/php-fig/log",
            "keywords": [
                "log",
                "psr",
                "psr-3"
            ],
            "support": {
                "source": "https://github.com/php-fig/log/tree/3.0.2"
            },
            "time": "2024-09-11T13:17:53+00:00"
        },
        {
            "name": "rybakit/msgpack",
            "version": "v0.9.1",
            "source": {
                "type": "git",
                "url": "https://github.com/rybakit/msgpack.php.git",
                "reference": "fc6bc45e92274e78c32d0a86f2e2cc1f8b5e017b"
            },
            "dist": {
                "type": "zip",
                "url": "https://api.github.com/repos/rybakit/msgpack.php/zipball/fc6bc45e92274e78c32d0a86f2e2cc1f8b5e017b",
                "reference": "fc6bc45e92274e78c32d0a86f2e2cc1f8b5e017b",
                "shasum": ""
            },
            "require": {
                "php": "^7.1.1|^8"
            },
            "require-dev": {
                "ext-gmp": "*",
                "friendsofphp/php-cs-fixer": "^2.14",
                "phpunit/phpunit": "^7.1|^8|^9",
                "vimeo/psalm": "^3.9|^4"
            },
            "suggest": {
                "ext-decimal": "For converting overflowed integers to Decimal objects",
                "ext-gmp": "For converting overflowed integers to GMP objects"
            },
            "type": "library",
            "autoload": {
                "psr-4": {
                    "MessagePack\\": "src/"
                }
            },
            "notification-url": "https://packagist.org/downloads/",
            "license": [
                "MIT"
            ],
            "authors": [
                {
                    "name": "Eugene Leonovich",
                    "email": "gen.work@gmail.com"
                }
            ],
            "description": "A pure PHP implementation of the MessagePack serialization format.",
            "keywords": [
                "messagepack",
                "msgpack",
                "pure",
                "streaming"
            ],
            "support": {
                "issues": "https://github.com/rybakit/msgpack.php/issues",
                "source": "https://github.com/rybakit/msgpack.php/tree/v0.9.1"
            },
            "funding": [
                {
                    "url": "https://github.com/rybakit",
                    "type": "github"
                }
            ],
            "time": "2022-02-16T00:48:07+00:00"
        },
        {
            "name": "symfony/polyfill-php85",
            "version": "v1.33.0",
            "source": {
                "type": "git",
                "url": "https://github.com/symfony/polyfill-php85.git",
                "reference": "d4e5fcd4ab3d998ab16c0db48e6cbb9a01993f91"
            },
            "dist": {
                "type": "zip",
                "url": "https://api.github.com/repos/symfony/polyfill-php85/zipball/d4e5fcd4ab3d998ab16c0db48e6cbb9a01993f91",
                "reference": "d4e5fcd4ab3d998ab16c0db48e6cbb9a01993f91",
                "shasum": ""
            },
            "require": {
                "php": ">=7.2"
            },
            "type": "library",
            "extra": {
                "thanks": {
                    "url": "https://github.com/symfony/polyfill",
                    "name": "symfony/polyfill"
                }
            },
            "autoload": {
                "files": [
                    "bootstrap.php"
                ],
                "psr-4": {
                    "Symfony\\Polyfill\\Php85\\": ""
                },
                "classmap": [
                    "Resources/stubs"
                ]
            },
            "notification-url": "https://packagist.org/downloads/",
            "license": [
                "MIT"
            ],
            "authors": [
                {
                    "name": "Nicolas Grekas",
                    "email": "p@tchwork.com"
                },
                {
                    "name": "Symfony Community",
                    "homepage": "https://symfony.com/contributors"
                }
            ],
            "description": "Symfony polyfill backporting some PHP 8.5+ features to lower PHP versions",
            "homepage": "https://symfony.com",
            "keywords": [
                "compatibility",
                "polyfill",
                "portable",
                "shim"
            ],
            "support": {
                "source": "https://github.com/symfony/polyfill-php85/tree/v1.33.0"
            },
            "funding": [
                {
                    "url": "https://symfony.com/sponsor",
                    "type": "custom"
                },
                {
                    "url": "https://github.com/fabpot",
                    "type": "github"
                },
                {
                    "url": "https://github.com/nicolas-grekas",
                    "type": "github"
                },
                {
                    "url": "https://tidelift.com/funding/github/packagist/symfony/symfony",
                    "type": "tidelift"
                }
            ],
            "time": "2025-06-23T16:12:55+00:00"
        },
        {
            "name": "workerman/coroutine",
            "version": "v1.1.3",
            "source": {
                "type": "git",
                "url": "https://github.com/workerman-php/coroutine.git",
                "reference": "df8fc428967d512a74a8a7d80355c1d40228c9fa"
            },
            "dist": {
                "type": "zip",
                "url": "https://api.github.com/repos/workerman-php/coroutine/zipball/df8fc428967d512a74a8a7d80355c1d40228c9fa",
                "reference": "df8fc428967d512a74a8a7d80355c1d40228c9fa",
                "shasum": ""
            },
            "require": {
                "php": ">=8.1"
            },
            "require-dev": {
                "phpunit/phpunit": "^11.0",
                "psr/log": "*"
            },
            "type": "library",
            "autoload": {
                "psr-4": {
                    "Workerman\\": "src",
                    "Workerman\\Coroutine\\": "src"
                }
            },
            "notification-url": "https://packagist.org/downloads/",
            "license": [
                "MIT"
            ],
            "description": "Workerman coroutine",
            "support": {
                "issues": "https://github.com/workerman-php/coroutine/issues",
                "source": "https://github.com/workerman-php/coroutine/tree/v1.1.3"
            },
            "time": "2025-02-17T03:34:21+00:00"
        },
        {
            "name": "workerman/workerman",
            "version": "v5.1.3",
            "source": {
                "type": "git",
                "url": "https://github.com/walkor/workerman.git",
                "reference": "371f3a5decb28f1bd3464ae26d47ea1a4cf0a3c5"
            },
            "dist": {
                "type": "zip",
                "url": "https://api.github.com/repos/walkor/workerman/zipball/371f3a5decb28f1bd3464ae26d47ea1a4cf0a3c5",
                "reference": "371f3a5decb28f1bd3464ae26d47ea1a4cf0a3c5",
                "shasum": ""
            },
            "require": {
                "ext-json": "*",
                "php": ">=8.1",
                "workerman/coroutine": "^1.1 || dev-main"
            },
            "conflict": {
                "ext-swow": "<v1.0.0"
            },
            "require-dev": {
                "guzzlehttp/guzzle": "^7.0",
                "mockery/mockery": "^1.6",
                "pestphp/pest": "2.x-dev",
                "phpstan/phpstan": "1.11.x-dev"
            },
            "suggest": {
                "ext-event": "For better performance. "
            },
            "type": "library",
            "autoload": {
                "psr-4": {
                    "Workerman\\": "src"
                }
            },
            "notification-url": "https://packagist.org/downloads/",
            "license": [
                "MIT"
            ],
            "authors": [
                {
                    "name": "walkor",
                    "email": "walkor@workerman.net",
                    "homepage": "https://www.workerman.net",
                    "role": "Developer"
                }
            ],
            "description": "An asynchronous event driven PHP framework for easily building fast, scalable network applications.",
            "homepage": "https://www.workerman.net",
            "keywords": [
                "asynchronous",
                "event-loop",
                "framework",
                "http"
            ],
            "support": {
                "email": "walkor@workerman.net",
                "forum": "https://www.workerman.net/questions",
                "issues": "https://github.com/walkor/workerman/issues",
                "source": "https://github.com/walkor/workerman",
                "wiki": "https://www.workerman.net/doc/workerman/"
            },
            "funding": [
                {
                    "url": "https://opencollective.com/workerman",
                    "type": "open_collective"
                },
                {
                    "url": "https://www.patreon.com/walkor",
                    "type": "patreon"
                }
            ],
            "time": "2025-06-12T13:34:04+00:00"
        }
    ],
    "packages-dev": [],
    "aliases": [],
    "minimum-stability": "stable",
    "stability-flags": {},
    "prefer-stable": false,
    "prefer-lowest": false,
    "platform": {},
    "platform-dev": {},
    "plugin-api-version": "2.6.0"
}
